
Microsoft Visual Studio Solution File, Format Version 12.00
# Visual Studio Version 16
VisualStudioVersion = 16.0.28803.156
MinimumVisualStudioVersion = 10.0.40219.1
Project("{9A19103F-16F7-4668-BE54-9A1E7A4F7556}") = "Mohmd.JsonResources", "Mohmd.JsonResources\Mohmd.JsonResources.csproj", "{B3C15F7B-4948-4608-A5AA-5B1067E962B5}"
EndProject
Project("{FAE04EC0-301F-11D3-BF4B-00C04F79EFBC}") = "Mohmd.JsonResources.Example", "Mohmd.JsonResources.Example\Mohmd.JsonResources.Example.csproj", "{7CF0E52E-DD47-4728-B144-90C41AF0A617}"
EndProject
Global
	GlobalSection(SolutionConfigurationPlatforms) = preSolution
		Debug|Any CPU = Debug|Any CPU
		Release|Any CPU = Release|Any CPU
	EndGlobalSection
	GlobalSection(ProjectConfigurationPlatforms) = postSolution
		{B3C15F7B-4948-4608-A5AA-5B1067E962B5}.Debug|Any CPU.ActiveCfg = Debug|Any CPU
		{B3C15F7B-4948-4608-A5AA-5B1067E962B5}.Debug|Any CPU.Build.0 = Debug|Any CPU
		{B3C15F7B-4948-4608-A5AA-5B1067E962B5}.Release|Any CPU.ActiveCfg = Release|Any CPU
		{B3C15F7B-4948-4608-A5AA-5B1067E962B5}.Release|Any CPU.Build.0 = Release|Any CPU
		{7CF0E52E-DD47-4728-B144-90C41AF0A617}.Debug|Any CPU.ActiveCfg = Debug|Any CPU
		{7CF0E52E-DD47-4728-B144-90C41AF0A617}.Debug|Any CPU.Build.0 = Debug|Any CPU
		{7CF0E52E-DD47-4728-B144-90C41AF0A617}.Release|Any CPU.ActiveCfg = Release|Any CPU
		{7CF0E52E-DD47-4728-B144-90C41AF0A617}.Release|Any CPU.Build.0 = Release|Any CPU
	EndGlobalSection
	GlobalSection(SolutionProperties) = preSolution
		HideSolutionNode = FALSE
	EndGlobalSection
	GlobalSection(ExtensibilityGlobals) = postSolution
		SolutionGuid = {38B4777B-2DAD-43B1-ABBF-573D46ACFCED}
	EndGlobalSection
EndGlobal
