
Microsoft Visual Studio Solution File, Format Version 12.00
# Visual Studio Version 16
VisualStudioVersion = 16.0.28803.156
MinimumVisualStudioVersion = 10.0.40219.1
Project("{FAE04EC0-301F-11D3-BF4B-00C04F79EFBC}") = "Mohmd.JsonResources", "JsonResources\Mohmd.JsonResources.csproj", "{3B1EA403-902C-48DC-9EC0-EFCDC0CDCD34}"
EndProject
Global
	GlobalSection(SolutionConfigurationPlatforms) = preSolution
		Debug|Any CPU = Debug|Any CPU
		Release|Any CPU = Release|Any CPU
	EndGlobalSection
	GlobalSection(ProjectConfigurationPlatforms) = postSolution
		{3B1EA403-902C-48DC-9EC0-EFCDC0CDCD34}.Debug|Any CPU.ActiveCfg = Debug|Any CPU
		{3B1EA403-902C-48DC-9EC0-EFCDC0CDCD34}.Debug|Any CPU.Build.0 = Debug|Any CPU
		{3B1EA403-902C-48DC-9EC0-EFCDC0CDCD34}.Release|Any CPU.ActiveCfg = Release|Any CPU
		{3B1EA403-902C-48DC-9EC0-EFCDC0CDCD34}.Release|Any CPU.Build.0 = Release|Any CPU
	EndGlobalSection
	GlobalSection(SolutionProperties) = preSolution
		HideSolutionNode = FALSE
	EndGlobalSection
	GlobalSection(ExtensibilityGlobals) = postSolution
		SolutionGuid = {38B4777B-2DAD-43B1-ABBF-573D46ACFCED}
	EndGlobalSection
EndGlobal
